
Microsoft Visual Studio Solution File, Format Version 12.00
# Visual Studio Version 16
VisualStudioVersion = 16.0.29201.188
MinimumVisualStudioVersion = 10.0.40219.1
Project("{9A19103F-16F7-4668-BE54-9A1E7A4F7556}") = "ClassProject", "ClassProject.csproj", "{7C73A1FB-5923-4281-9DB0-C854EFB3787B}"
EndProject
Project("{FAE04EC0-301F-11D3-BF4B-00C04F79EFBC}") = "ClassProject.Tests", "..\ClassProject.Tests\ClassProject.Tests.csproj", "{917E9A32-CF44-4F82-8C65-8F3699776567}"
EndProject
Global
	GlobalSection(SolutionConfigurationPlatforms) = preSolution
		Debug|Any CPU = Debug|Any CPU
		Release|Any CPU = Release|Any CPU
	EndGlobalSection
	GlobalSection(ProjectConfigurationPlatforms) = postSolution
		{7C73A1FB-5923-4281-9DB0-C854EFB3787B}.Debug|Any CPU.ActiveCfg = Debug|Any CPU
		{7C73A1FB-5923-4281-9DB0-C854EFB3787B}.Debug|Any CPU.Build.0 = Debug|Any CPU
		{7C73A1FB-5923-4281-9DB0-C854EFB3787B}.Release|Any CPU.ActiveCfg = Release|Any CPU
		{7C73A1FB-5923-4281-9DB0-C854EFB3787B}.Release|Any CPU.Build.0 = Release|Any CPU
		{917E9A32-CF44-4F82-8C65-8F3699776567}.Debug|Any CPU.ActiveCfg = Debug|Any CPU
		{917E9A32-CF44-4F82-8C65-8F3699776567}.Debug|Any CPU.Build.0 = Debug|Any CPU
		{917E9A32-CF44-4F82-8C65-8F3699776567}.Release|Any CPU.ActiveCfg = Release|Any CPU
		{917E9A32-CF44-4F82-8C65-8F3699776567}.Release|Any CPU.Build.0 = Release|Any CPU
	EndGlobalSection
	GlobalSection(SolutionProperties) = preSolution
		HideSolutionNode = FALSE
	EndGlobalSection
	GlobalSection(ExtensibilityGlobals) = postSolution
		SolutionGuid = {0DBC4720-7044-4244-B78F-2C1561464D9D}
	EndGlobalSection
EndGlobal
